
Microsoft Visual Studio Solution File, Format Version 12.00
# Visual Studio 15
VisualStudioVersion = 15.0.27703.2026
MinimumVisualStudioVersion = 10.0.40219.1
Project("{FAE04EC0-301F-11D3-BF4B-00C04F79EFBC}") = "AminaTravel", "AminaTravel\AminaTravel.csproj", "{11BFD30D-6207-4BF7-A86E-4F7C1328431D}"
EndProject
Global
	GlobalSection(SolutionConfigurationPlatforms) = preSolution
		Debug|Any CPU = Debug|Any CPU
		Release|Any CPU = Release|Any CPU
	EndGlobalSection
	GlobalSection(ProjectConfigurationPlatforms) = postSolution
		{11BFD30D-6207-4BF7-A86E-4F7C1328431D}.Debug|Any CPU.ActiveCfg = Debug|Any CPU
		{11BFD30D-6207-4BF7-A86E-4F7C1328431D}.Debug|Any CPU.Build.0 = Debug|Any CPU
		{11BFD30D-6207-4BF7-A86E-4F7C1328431D}.Release|Any CPU.ActiveCfg = Release|Any CPU
		{11BFD30D-6207-4BF7-A86E-4F7C1328431D}.Release|Any CPU.Build.0 = Release|Any CPU
	EndGlobalSection
	GlobalSection(SolutionProperties) = preSolution
		HideSolutionNode = FALSE
	EndGlobalSection
	GlobalSection(ExtensibilityGlobals) = postSolution
		SolutionGuid = {B1A78B97-D8CD-40D4-A834-82B49D465FF9}
	EndGlobalSection
EndGlobal
